// !$*UTF8*$!
{
	archiveVersion = 1;
	classes = {
	};
	objectVersion = 60;
	objects = {

/* Begin PBXBuildFile section */
		A10000000000000000000001 /* DigitalMembershipScannerApp.swift in Sources */ = {isa = PBXBuildFile; fileRef = A20000000000000000000001 /* DigitalMembershipScannerApp.swift */; };
		A10000000000000000000002 /* MembershipCredential.swift in Sources */ = {isa = PBXBuildFile; fileRef = A20000000000000000000002 /* MembershipCredential.swift */; };
		A10000000000000000000003 /* QRScannerView.swift in Sources */ = {isa = PBXBuildFile; fileRef = A20000000000000000000003 /* QRScannerView.swift */; };
		A10000000000000000000004 /* ScannerScreen.swift in Sources */ = {isa = PBXBuildFile; fileRef = A20000000000000000000004 /* ScannerScreen.swift */; };
		A10000000000000000000005 /* MembershipCredentialTests.swift in Sources */ = {isa = PBXBuildFile; fileRef = A20000000000000000000005 /* MembershipCredentialTests.swift */; };
		A10000000000000000000006 /* XCTest.framework in Frameworks */ = {isa = PBXBuildFile; fileRef = A20000000000000000000008 /* XCTest.framework */; };
		A10000000000000000000007 /* ZXingCpp in Frameworks */ = {isa = PBXBuildFile; productRef = AD0000000000000000000002 /* ZXingCpp */; };
		A10000000000000000000008 /* CBlst in Frameworks */ = {isa = PBXBuildFile; productRef = AD0000000000000000000004 /* CBlst */; };
		A10000000000000000000009 /* NameCompression.swift in Sources */ = {isa = PBXBuildFile; fileRef = A20000000000000000000009 /* NameCompression.swift */; };
		A1000000000000000000000A /* IssuerProvisioning.swift in Sources */ = {isa = PBXBuildFile; fileRef = A2000000000000000000000A /* IssuerProvisioning.swift */; };
		A1000000000000000000000B /* CXZ in Frameworks */ = {isa = PBXBuildFile; productRef = AD0000000000000000000006 /* CXZ */; };
/* End PBXBuildFile section */

/* Begin PBXContainerItemProxy section */
		A30000000000000000000001 /* PBXContainerItemProxy */ = {
			isa = PBXContainerItemProxy;
			containerPortal = A90000000000000000000001 /* Project object */;
			proxyType = 1;
			remoteGlobalIDString = A80000000000000000000001;
			remoteInfo = DigitalMembershipScanner;
		};
/* End PBXContainerItemProxy section */

/* Begin PBXFileReference section */
		A20000000000000000000001 /* DigitalMembershipScannerApp.swift */ = {isa = PBXFileReference; lastKnownFileType = sourcecode.swift; path = DigitalMembershipScannerApp.swift; sourceTree = "<group>"; };
		A20000000000000000000002 /* MembershipCredential.swift */ = {isa = PBXFileReference; lastKnownFileType = sourcecode.swift; path = MembershipCredential.swift; sourceTree = "<group>"; };
		A20000000000000000000003 /* QRScannerView.swift */ = {isa = PBXFileReference; lastKnownFileType = sourcecode.swift; path = QRScannerView.swift; sourceTree = "<group>"; };
		A20000000000000000000004 /* ScannerScreen.swift */ = {isa = PBXFileReference; lastKnownFileType = sourcecode.swift; path = ScannerScreen.swift; sourceTree = "<group>"; };
		A20000000000000000000005 /* MembershipCredentialTests.swift */ = {isa = PBXFileReference; lastKnownFileType = sourcecode.swift; path = MembershipCredentialTests.swift; sourceTree = "<group>"; };
		A20000000000000000000006 /* DigitalMembershipScanner.app */ = {isa = PBXFileReference; explicitFileType = wrapper.application; includeInIndex = 0; path = DigitalMembershipScanner.app; sourceTree = BUILT_PRODUCTS_DIR; };
		A20000000000000000000007 /* DigitalMembershipScannerTests.xctest */ = {isa = PBXFileReference; explicitFileType = wrapper.cfbundle; includeInIndex = 0; path = DigitalMembershipScannerTests.xctest; sourceTree = BUILT_PRODUCTS_DIR; };
		A20000000000000000000008 /* XCTest.framework */ = {isa = PBXFileReference; lastKnownFileType = wrapper.framework; name = XCTest.framework; path = System/Library/Frameworks/XCTest.framework; sourceTree = SDKROOT; };
		A20000000000000000000009 /* NameCompression.swift */ = {isa = PBXFileReference; lastKnownFileType = sourcecode.swift; path = NameCompression.swift; sourceTree = "<group>"; };
		A2000000000000000000000A /* IssuerProvisioning.swift */ = {isa = PBXFileReference; lastKnownFileType = sourcecode.swift; path = IssuerProvisioning.swift; sourceTree = "<group>"; };
/* End PBXFileReference section */

/* Begin PBXFrameworksBuildPhase section */
		A40000000000000000000001 /* Frameworks */ = {
			isa = PBXFrameworksBuildPhase;
			buildActionMask = 2147483647;
			files = (
				A1000000000000000000000B /* CXZ in Frameworks */,
				A10000000000000000000008 /* CBlst in Frameworks */,
				A10000000000000000000007 /* ZXingCpp in Frameworks */,
			);
			runOnlyForDeploymentPostprocessing = 0;
		};
		A40000000000000000000002 /* Frameworks */ = {
			isa = PBXFrameworksBuildPhase;
			buildActionMask = 2147483647;
			files = (
				A10000000000000000000006 /* XCTest.framework in Frameworks */,
			);
			runOnlyForDeploymentPostprocessing = 0;
		};
/* End PBXFrameworksBuildPhase section */

/* Begin PBXGroup section */
		A50000000000000000000001 = {
			isa = PBXGroup;
			children = (
				A50000000000000000000002 /* DigitalMembershipScanner */,
				A50000000000000000000007 /* DigitalMembershipScannerTests */,
				A50000000000000000000008 /* Frameworks */,
				A50000000000000000000009 /* Products */,
			);
			sourceTree = "<group>";
		};
		A50000000000000000000002 /* DigitalMembershipScanner */ = {
			isa = PBXGroup;
			children = (
				A50000000000000000000003 /* App */,
				A50000000000000000000004 /* Membership */,
				A50000000000000000000005 /* Scanner */,
				A50000000000000000000006 /* Features */,
			);
			path = DigitalMembershipScanner;
			sourceTree = "<group>";
		};
		A50000000000000000000003 /* App */ = {
			isa = PBXGroup;
			children = (
				A20000000000000000000001 /* DigitalMembershipScannerApp.swift */,
			);
			path = App;
			sourceTree = "<group>";
		};
		A50000000000000000000004 /* Membership */ = {
			isa = PBXGroup;
			children = (
				A20000000000000000000002 /* MembershipCredential.swift */,
				A20000000000000000000009 /* NameCompression.swift */,
				A2000000000000000000000A /* IssuerProvisioning.swift */,
			);
			path = Membership;
			sourceTree = "<group>";
		};
		A50000000000000000000005 /* Scanner */ = {
			isa = PBXGroup;
			children = (
				A20000000000000000000003 /* QRScannerView.swift */,
			);
			path = Scanner;
			sourceTree = "<group>";
		};
		A50000000000000000000006 /* Features */ = {
			isa = PBXGroup;
			children = (
				A5000000000000000000000A /* Scanner */,
			);
			path = Features;
			sourceTree = "<group>";
		};
		A50000000000000000000007 /* DigitalMembershipScannerTests */ = {
			isa = PBXGroup;
			children = (
				A20000000000000000000005 /* MembershipCredentialTests.swift */,
			);
			path = DigitalMembershipScannerTests;
			sourceTree = "<group>";
		};
		A50000000000000000000008 /* Frameworks */ = {
			isa = PBXGroup;
			children = (
				A20000000000000000000008 /* XCTest.framework */,
			);
			name = Frameworks;
			sourceTree = "<group>";
		};
		A50000000000000000000009 /* Products */ = {
			isa = PBXGroup;
			children = (
				A20000000000000000000006 /* DigitalMembershipScanner.app */,
				A20000000000000000000007 /* DigitalMembershipScannerTests.xctest */,
			);
			name = Products;
			sourceTree = "<group>";
		};
		A5000000000000000000000A /* Scanner */ = {
			isa = PBXGroup;
			children = (
				A20000000000000000000004 /* ScannerScreen.swift */,
			);
			path = Scanner;
			sourceTree = "<group>";
		};
/* End PBXGroup section */

/* Begin PBXNativeTarget section */
		A80000000000000000000001 /* DigitalMembershipScanner */ = {
			isa = PBXNativeTarget;
			buildConfigurationList = AB0000000000000000000002 /* Build configuration list for PBXNativeTarget "DigitalMembershipScanner" */;
			buildPhases = (
				A60000000000000000000001 /* Sources */,
				A40000000000000000000001 /* Frameworks */,
				A70000000000000000000001 /* Resources */,
			);
			buildRules = (
			);
			dependencies = (
			);
			name = DigitalMembershipScanner;
			packageProductDependencies = (
				AD0000000000000000000002 /* ZXingCpp */,
				AD0000000000000000000004 /* CBlst */,
				AD0000000000000000000006 /* CXZ */,
			);
			productName = DigitalMembershipScanner;
			productReference = A20000000000000000000006 /* DigitalMembershipScanner.app */;
			productType = "com.apple.product-type.application";
		};
		A80000000000000000000002 /* DigitalMembershipScannerTests */ = {
			isa = PBXNativeTarget;
			buildConfigurationList = AB0000000000000000000003 /* Build configuration list for PBXNativeTarget "DigitalMembershipScannerTests" */;
			buildPhases = (
				A60000000000000000000002 /* Sources */,
				A40000000000000000000002 /* Frameworks */,
				A70000000000000000000002 /* Resources */,
			);
			buildRules = (
			);
			dependencies = (
				A30000000000000000000002 /* PBXTargetDependency */,
			);
			name = DigitalMembershipScannerTests;
			productName = DigitalMembershipScannerTests;
			productReference = A20000000000000000000007 /* DigitalMembershipScannerTests.xctest */;
			productType = "com.apple.product-type.bundle.unit-test";
		};
/* End PBXNativeTarget section */

/* Begin PBXProject section */
		A90000000000000000000001 /* Project object */ = {
			isa = PBXProject;
			attributes = {
				BuildIndependentTargetsInParallel = YES;
				LastSwiftUpdateCheck = 2660;
				LastUpgradeCheck = 2660;
				TargetAttributes = {
					A80000000000000000000001 = {
						CreatedOnToolsVersion = 26.6;
					};
					A80000000000000000000002 = {
						CreatedOnToolsVersion = 26.6;
						TestTargetID = A80000000000000000000001;
					};
				};
			};
			buildConfigurationList = AB0000000000000000000001 /* Build configuration list for PBXProject "DigitalMembershipScanner" */;
			compatibilityVersion = "Xcode 14.0";
			developmentRegion = en;
			hasScannedForEncodings = 0;
			knownRegions = (
				en,
				Base,
			);
			mainGroup = A50000000000000000000001;
			packageReferences = (
				AD0000000000000000000001 /* XCRemoteSwiftPackageReference "zxing-cpp" */,
				AD0000000000000000000003 /* XCLocalSwiftPackageReference "Vendor/BlstPackage" */,
				AD0000000000000000000005 /* XCLocalSwiftPackageReference "Vendor/XZEmbeddedPackage" */,
			);
			productRefGroup = A50000000000000000000009 /* Products */;
			projectDirPath = "";
			projectRoot = "";
			targets = (
				A80000000000000000000001 /* DigitalMembershipScanner */,
				A80000000000000000000002 /* DigitalMembershipScannerTests */,
			);
		};
/* End PBXProject section */

/* Begin PBXResourcesBuildPhase section */
		A70000000000000000000001 /* Resources */ = {
			isa = PBXResourcesBuildPhase;
			buildActionMask = 2147483647;
			files = (
			);
			runOnlyForDeploymentPostprocessing = 0;
		};
		A70000000000000000000002 /* Resources */ = {
			isa = PBXResourcesBuildPhase;
			buildActionMask = 2147483647;
			files = (
			);
			runOnlyForDeploymentPostprocessing = 0;
		};
/* End PBXResourcesBuildPhase section */

/* Begin PBXSourcesBuildPhase section */
		A60000000000000000000001 /* Sources */ = {
			isa = PBXSourcesBuildPhase;
			buildActionMask = 2147483647;
			files = (
				A10000000000000000000001 /* DigitalMembershipScannerApp.swift in Sources */,
				A10000000000000000000002 /* MembershipCredential.swift in Sources */,
				A10000000000000000000009 /* NameCompression.swift in Sources */,
				A1000000000000000000000A /* IssuerProvisioning.swift in Sources */,
				A10000000000000000000003 /* QRScannerView.swift in Sources */,
				A10000000000000000000004 /* ScannerScreen.swift in Sources */,
			);
			runOnlyForDeploymentPostprocessing = 0;
		};
		A60000000000000000000002 /* Sources */ = {
			isa = PBXSourcesBuildPhase;
			buildActionMask = 2147483647;
			files = (
				A10000000000000000000005 /* MembershipCredentialTests.swift in Sources */,
			);
			runOnlyForDeploymentPostprocessing = 0;
		};
/* End PBXSourcesBuildPhase section */

/* Begin PBXTargetDependency section */
		A30000000000000000000002 /* PBXTargetDependency */ = {
			isa = PBXTargetDependency;
			target = A80000000000000000000001 /* DigitalMembershipScanner */;
			targetProxy = A30000000000000000000001 /* PBXContainerItemProxy */;
		};
/* End PBXTargetDependency section */

/* Begin XCBuildConfiguration section */
		AC0000000000000000000001 /* Debug */ = {
			isa = XCBuildConfiguration;
			buildSettings = {
				ALWAYS_SEARCH_USER_PATHS = NO;
				CLANG_ENABLE_MODULES = YES;
				CLANG_ENABLE_OBJC_ARC = YES;
				COPY_PHASE_STRIP = NO;
				DEBUG_INFORMATION_FORMAT = dwarf;
				ENABLE_TESTABILITY = YES;
				GCC_C_LANGUAGE_STANDARD = gnu17;
				GCC_OPTIMIZATION_LEVEL = 0;
				ONLY_ACTIVE_ARCH = YES;
				SDKROOT = iphoneos;
				SWIFT_ACTIVE_COMPILATION_CONDITIONS = DEBUG;
				SWIFT_OPTIMIZATION_LEVEL = "-Onone";
			};
			name = Debug;
		};
		AC0000000000000000000002 /* Release */ = {
			isa = XCBuildConfiguration;
			buildSettings = {
				ALWAYS_SEARCH_USER_PATHS = NO;
				CLANG_ENABLE_MODULES = YES;
				CLANG_ENABLE_OBJC_ARC = YES;
				COPY_PHASE_STRIP = NO;
				DEBUG_INFORMATION_FORMAT = "dwarf-with-dsym";
				GCC_C_LANGUAGE_STANDARD = gnu17;
				SDKROOT = iphoneos;
				SWIFT_COMPILATION_MODE = wholemodule;
				SWIFT_OPTIMIZATION_LEVEL = "-O";
				VALIDATE_PRODUCT = YES;
			};
			name = Release;
		};
		AC0000000000000000000003 /* Debug */ = {
			isa = XCBuildConfiguration;
			buildSettings = {
				CODE_SIGN_STYLE = Automatic;
				CURRENT_PROJECT_VERSION = 1;
				DEVELOPMENT_ASSET_PATHS = "";
				DEVELOPMENT_TEAM = M4993KV6V8;
				ENABLE_PREVIEWS = YES;
				GENERATE_INFOPLIST_FILE = YES;
				INFOPLIST_KEY_NSAppTransportSecurity_NSAllowsArbitraryLoads = YES;
				INFOPLIST_KEY_NSCameraUsageDescription = "Scan digital membership card QR codes.";
				INFOPLIST_KEY_UIApplicationSceneManifest_Generation = YES;
				INFOPLIST_KEY_UIApplicationSupportsIndirectInputEvents = YES;
				INFOPLIST_KEY_UILaunchScreen_Generation = YES;
				INFOPLIST_KEY_UISupportedInterfaceOrientations_iPad = "UIInterfaceOrientationPortrait UIInterfaceOrientationPortraitUpsideDown UIInterfaceOrientationLandscapeLeft UIInterfaceOrientationLandscapeRight";
				INFOPLIST_KEY_UISupportedInterfaceOrientations_iPhone = UIInterfaceOrientationPortrait;
				IPHONEOS_DEPLOYMENT_TARGET = 17.0;
				LD_RUNPATH_SEARCH_PATHS = (
					"$(inherited)",
					"@executable_path/Frameworks",
				);
				MARKETING_VERSION = 0.1.0;
				PRODUCT_BUNDLE_IDENTIFIER = com.nresare.DigitalMembershipScanner;
				PRODUCT_NAME = "$(TARGET_NAME)";
				SWIFT_EMIT_LOC_STRINGS = YES;
				SWIFT_VERSION = 5.0;
				TARGETED_DEVICE_FAMILY = "1,2";
			};
			name = Debug;
		};
		AC0000000000000000000004 /* Release */ = {
			isa = XCBuildConfiguration;
			buildSettings = {
				CODE_SIGN_STYLE = Automatic;
				CURRENT_PROJECT_VERSION = 1;
				DEVELOPMENT_TEAM = M4993KV6V8;
				GENERATE_INFOPLIST_FILE = YES;
				INFOPLIST_KEY_NSCameraUsageDescription = "Scan digital membership card QR codes.";
				INFOPLIST_KEY_UIApplicationSceneManifest_Generation = YES;
				INFOPLIST_KEY_UIApplicationSupportsIndirectInputEvents = YES;
				INFOPLIST_KEY_UILaunchScreen_Generation = YES;
				INFOPLIST_KEY_UISupportedInterfaceOrientations_iPad = "UIInterfaceOrientationPortrait UIInterfaceOrientationPortraitUpsideDown UIInterfaceOrientationLandscapeLeft UIInterfaceOrientationLandscapeRight";
				INFOPLIST_KEY_UISupportedInterfaceOrientations_iPhone = UIInterfaceOrientationPortrait;
				IPHONEOS_DEPLOYMENT_TARGET = 17.0;
				LD_RUNPATH_SEARCH_PATHS = (
					"$(inherited)",
					"@executable_path/Frameworks",
				);
				MARKETING_VERSION = 0.1.0;
				PRODUCT_BUNDLE_IDENTIFIER = com.nresare.DigitalMembershipScanner;
				PRODUCT_NAME = "$(TARGET_NAME)";
				SWIFT_EMIT_LOC_STRINGS = YES;
				SWIFT_VERSION = 5.0;
				TARGETED_DEVICE_FAMILY = "1,2";
			};
			name = Release;
		};
		AC0000000000000000000005 /* Debug */ = {
			isa = XCBuildConfiguration;
			buildSettings = {
				BUNDLE_LOADER = "$(TEST_HOST)";
				CODE_SIGN_STYLE = Automatic;
				GENERATE_INFOPLIST_FILE = YES;
				IPHONEOS_DEPLOYMENT_TARGET = 17.0;
				PRODUCT_BUNDLE_IDENTIFIER = com.nresare.DigitalMembershipScannerTests;
				PRODUCT_NAME = "$(TARGET_NAME)";
				SWIFT_VERSION = 5.0;
				TARGETED_DEVICE_FAMILY = "1,2";
				TEST_HOST = "$(BUILT_PRODUCTS_DIR)/DigitalMembershipScanner.app/$(BUNDLE_EXECUTABLE_FOLDER_PATH)/DigitalMembershipScanner";
			};
			name = Debug;
		};
		AC0000000000000000000006 /* Release */ = {
			isa = XCBuildConfiguration;
			buildSettings = {
				BUNDLE_LOADER = "$(TEST_HOST)";
				CODE_SIGN_STYLE = Automatic;
				GENERATE_INFOPLIST_FILE = YES;
				IPHONEOS_DEPLOYMENT_TARGET = 17.0;
				PRODUCT_BUNDLE_IDENTIFIER = com.nresare.DigitalMembershipScannerTests;
				PRODUCT_NAME = "$(TARGET_NAME)";
				SWIFT_VERSION = 5.0;
				TARGETED_DEVICE_FAMILY = "1,2";
				TEST_HOST = "$(BUILT_PRODUCTS_DIR)/DigitalMembershipScanner.app/$(BUNDLE_EXECUTABLE_FOLDER_PATH)/DigitalMembershipScanner";
			};
			name = Release;
		};
/* End XCBuildConfiguration section */

/* Begin XCConfigurationList section */
		AB0000000000000000000001 /* Build configuration list for PBXProject "DigitalMembershipScanner" */ = {
			isa = XCConfigurationList;
			buildConfigurations = (
				AC0000000000000000000001 /* Debug */,
				AC0000000000000000000002 /* Release */,
			);
			defaultConfigurationIsVisible = 0;
			defaultConfigurationName = Release;
		};
		AB0000000000000000000002 /* Build configuration list for PBXNativeTarget "DigitalMembershipScanner" */ = {
			isa = XCConfigurationList;
			buildConfigurations = (
				AC0000000000000000000003 /* Debug */,
				AC0000000000000000000004 /* Release */,
			);
			defaultConfigurationIsVisible = 0;
			defaultConfigurationName = Release;
		};
		AB0000000000000000000003 /* Build configuration list for PBXNativeTarget "DigitalMembershipScannerTests" */ = {
			isa = XCConfigurationList;
			buildConfigurations = (
				AC0000000000000000000005 /* Debug */,
				AC0000000000000000000006 /* Release */,
			);
			defaultConfigurationIsVisible = 0;
			defaultConfigurationName = Release;
		};
/* End XCConfigurationList section */

/* Begin XCLocalSwiftPackageReference section */
		AD0000000000000000000003 /* XCLocalSwiftPackageReference "Vendor/BlstPackage" */ = {
			isa = XCLocalSwiftPackageReference;
			relativePath = Vendor/BlstPackage;
		};
		AD0000000000000000000005 /* XCLocalSwiftPackageReference "Vendor/XZEmbeddedPackage" */ = {
			isa = XCLocalSwiftPackageReference;
			relativePath = Vendor/XZEmbeddedPackage;
		};
/* End XCLocalSwiftPackageReference section */

/* Begin XCRemoteSwiftPackageReference section */
		AD0000000000000000000001 /* XCRemoteSwiftPackageReference "zxing-cpp" */ = {
			isa = XCRemoteSwiftPackageReference;
			repositoryURL = "https://github.com/zxing-cpp/zxing-cpp";
			requirement = {
				kind = exactVersion;
				version = 3.1.1;
			};
		};
/* End XCRemoteSwiftPackageReference section */

/* Begin XCSwiftPackageProductDependency section */
		AD0000000000000000000002 /* ZXingCpp */ = {
			isa = XCSwiftPackageProductDependency;
			package = AD0000000000000000000001 /* XCRemoteSwiftPackageReference "zxing-cpp" */;
			productName = ZXingCpp;
		};
		AD0000000000000000000004 /* CBlst */ = {
			isa = XCSwiftPackageProductDependency;
			package = AD0000000000000000000003 /* XCLocalSwiftPackageReference "Vendor/BlstPackage" */;
			productName = CBlst;
		};
		AD0000000000000000000006 /* CXZ */ = {
			isa = XCSwiftPackageProductDependency;
			package = AD0000000000000000000005 /* XCLocalSwiftPackageReference "Vendor/XZEmbeddedPackage" */;
			productName = CXZ;
		};
/* End XCSwiftPackageProductDependency section */
	};
	rootObject = A90000000000000000000001 /* Project object */;
}
